{
	"name": "tinymce",
	"version": "6.8.4",
	"lockfileVersion": 3,
	"requires": true,
	"packages": {
		"": {
			"name": "tinymce",
			"version": "6.8.4",
			"license": "MIT",
			"dependencies": {
				"tinymce": "file:"
			}
		},
		"node_modules/tinymce": {
			"resolved": "",
			"link": true
		}
	}
}
